
Microsoft Visual Studio Solution File, Format Version 12.00
# Visual Studio Version 16
VisualStudioVersion = 16.0.31313.79
MinimumVisualStudioVersion = 10.0.40219.1
Project("{FAE04EC0-301F-11D3-BF4B-00C04F79EFBC}") = "GrpcGreeter", "GrpcGreeter\GrpcGreeter.csproj", "{F6789321-4377-44F1-81BF-643F1D582873}"
EndProject
Project("{FAE04EC0-301F-11D3-BF4B-00C04F79EFBC}") = "Client", "Client\Client.csproj", "{6B1F9CEA-1A20-45F6-BABB-080830323394}"
EndProject
Global
	GlobalSection(SolutionConfigurationPlatforms) = preSolution
		Debug|Any CPU = Debug|Any CPU
		Release|Any CPU = Release|Any CPU
	EndGlobalSection
	GlobalSection(ProjectConfigurationPlatforms) = postSolution
		{F6789321-4377-44F1-81BF-643F1D582873}.Debug|Any CPU.ActiveCfg = Debug|Any CPU
		{F6789321-4377-44F1-81BF-643F1D582873}.Debug|Any CPU.Build.0 = Debug|Any CPU
		{F6789321-4377-44F1-81BF-643F1D582873}.Release|Any CPU.ActiveCfg = Release|Any CPU
		{F6789321-4377-44F1-81BF-643F1D582873}.Release|Any CPU.Build.0 = Release|Any CPU
		{6B1F9CEA-1A20-45F6-BABB-080830323394}.Debug|Any CPU.ActiveCfg = Debug|Any CPU
		{6B1F9CEA-1A20-45F6-BABB-080830323394}.Debug|Any CPU.Build.0 = Debug|Any CPU
		{6B1F9CEA-1A20-45F6-BABB-080830323394}.Release|Any CPU.ActiveCfg = Release|Any CPU
		{6B1F9CEA-1A20-45F6-BABB-080830323394}.Release|Any CPU.Build.0 = Release|Any CPU
	EndGlobalSection
	GlobalSection(SolutionProperties) = preSolution
		HideSolutionNode = FALSE
	EndGlobalSection
	GlobalSection(ExtensibilityGlobals) = postSolution
		SolutionGuid = {2BA1C9E9-DC5A-4CB3-B450-238734DBBB37}
	EndGlobalSection
EndGlobal
