
Microsoft Visual Studio Solution File, Format Version 12.00
# Visual Studio Version 16
VisualStudioVersion = 16.0.30907.101
MinimumVisualStudioVersion = 10.0.40219.1
Project("{FAE04EC0-301F-11D3-BF4B-00C04F79EFBC}") = "BookShop.Api", "BookShop.Api\BookShop.Api.csproj", "{7FCDE272-E84B-4F97-AC6F-17B655F4CABF}"
EndProject
Project("{FAE04EC0-301F-11D3-BF4B-00C04F79EFBC}") = "BookShop.Data", "BookShop.Data\BookShop.Data.csproj", "{36BDEA0D-57F0-428D-98B8-884E03591701}"
EndProject
Project("{FAE04EC0-301F-11D3-BF4B-00C04F79EFBC}") = "BookShop.Services", "BookShop.Services\BookShop.Services.csproj", "{D61A71CE-B176-41AA-9A22-DBA7F1418DD7}"
EndProject
Project("{FAE04EC0-301F-11D3-BF4B-00C04F79EFBC}") = "BookShop.Common", "BookShop.Common\BookShop.Common.csproj", "{F7E4FEE0-4178-44B7-A387-4454A27BBB31}"
EndProject
Global
	GlobalSection(SolutionConfigurationPlatforms) = preSolution
		Debug|Any CPU = Debug|Any CPU
		Release|Any CPU = Release|Any CPU
	EndGlobalSection
	GlobalSection(ProjectConfigurationPlatforms) = postSolution
		{7FCDE272-E84B-4F97-AC6F-17B655F4CABF}.Debug|Any CPU.ActiveCfg = Debug|Any CPU
		{7FCDE272-E84B-4F97-AC6F-17B655F4CABF}.Debug|Any CPU.Build.0 = Debug|Any CPU
		{7FCDE272-E84B-4F97-AC6F-17B655F4CABF}.Release|Any CPU.ActiveCfg = Release|Any CPU
		{7FCDE272-E84B-4F97-AC6F-17B655F4CABF}.Release|Any CPU.Build.0 = Release|Any CPU
		{36BDEA0D-57F0-428D-98B8-884E03591701}.Debug|Any CPU.ActiveCfg = Debug|Any CPU
		{36BDEA0D-57F0-428D-98B8-884E03591701}.Debug|Any CPU.Build.0 = Debug|Any CPU
		{36BDEA0D-57F0-428D-98B8-884E03591701}.Release|Any CPU.ActiveCfg = Release|Any CPU
		{36BDEA0D-57F0-428D-98B8-884E03591701}.Release|Any CPU.Build.0 = Release|Any CPU
		{D61A71CE-B176-41AA-9A22-DBA7F1418DD7}.Debug|Any CPU.ActiveCfg = Debug|Any CPU
		{D61A71CE-B176-41AA-9A22-DBA7F1418DD7}.Debug|Any CPU.Build.0 = Debug|Any CPU
		{D61A71CE-B176-41AA-9A22-DBA7F1418DD7}.Release|Any CPU.ActiveCfg = Release|Any CPU
		{D61A71CE-B176-41AA-9A22-DBA7F1418DD7}.Release|Any CPU.Build.0 = Release|Any CPU
		{F7E4FEE0-4178-44B7-A387-4454A27BBB31}.Debug|Any CPU.ActiveCfg = Debug|Any CPU
		{F7E4FEE0-4178-44B7-A387-4454A27BBB31}.Debug|Any CPU.Build.0 = Debug|Any CPU
		{F7E4FEE0-4178-44B7-A387-4454A27BBB31}.Release|Any CPU.ActiveCfg = Release|Any CPU
		{F7E4FEE0-4178-44B7-A387-4454A27BBB31}.Release|Any CPU.Build.0 = Release|Any CPU
	EndGlobalSection
	GlobalSection(SolutionProperties) = preSolution
		HideSolutionNode = FALSE
	EndGlobalSection
	GlobalSection(ExtensibilityGlobals) = postSolution
		SolutionGuid = {76FD07EF-B7F2-4207-BEC5-55D6CC7A7A05}
	EndGlobalSection
EndGlobal
