
Microsoft Visual Studio Solution File, Format Version 12.00
# Visual Studio Version 17
VisualStudioVersion = 17.1.32414.318
MinimumVisualStudioVersion = 10.0.40219.1
Project("{FAE04EC0-301F-11D3-BF4B-00C04F79EFBC}") = "TodoApi", "TodoApi\TodoApi.csproj", "{080E967B-1F8D-4C4F-9271-1C52F4B7DAFE}"
EndProject
Global
	GlobalSection(SolutionConfigurationPlatforms) = preSolution
		Debug|Any CPU = Debug|Any CPU
		Release|Any CPU = Release|Any CPU
	EndGlobalSection
	GlobalSection(ProjectConfigurationPlatforms) = postSolution
		{080E967B-1F8D-4C4F-9271-1C52F4B7DAFE}.Debug|Any CPU.ActiveCfg = Debug|Any CPU
		{080E967B-1F8D-4C4F-9271-1C52F4B7DAFE}.Debug|Any CPU.Build.0 = Debug|Any CPU
		{080E967B-1F8D-4C4F-9271-1C52F4B7DAFE}.Release|Any CPU.ActiveCfg = Release|Any CPU
		{080E967B-1F8D-4C4F-9271-1C52F4B7DAFE}.Release|Any CPU.Build.0 = Release|Any CPU
	EndGlobalSection
	GlobalSection(SolutionProperties) = preSolution
		HideSolutionNode = FALSE
	EndGlobalSection
	GlobalSection(ExtensibilityGlobals) = postSolution
		SolutionGuid = {92FCDD1E-EDA1-4312-A321-083357E7A860}
	EndGlobalSection
EndGlobal
